
Microsoft Visual Studio Solution File, Format Version 12.00
Project("{FAE04EC0-301F-11D3-BF4B-00C04F79EFBC}") = "CustomerConsoleCRUD", "CustomerConsoleCRUD\CustomerConsoleCRUD.csproj", "{DB26A552-F8A2-42C7-86F1-7E07B4827A36}"
EndProject
Project("{FAE04EC0-301F-11D3-BF4B-00C04F79EFBC}") = "Core.Entity", "Core.Entity\Core.Entity.csproj", "{58556621-462C-418E-B85B-FC54AE41D1D7}"
EndProject
Project("{FAE04EC0-301F-11D3-BF4B-00C04F79EFBC}") = "Core", "Core\Core.csproj", "{6BFFDAFE-6FBC-48C1-8B4C-034F934D48A6}"
EndProject
Project("{2150E333-8FDC-42A3-9474-1A3956D46DE8}") = "Core", "Core", "{A46C5CFB-425A-4AFB-AE4C-A07E7F1E2516}"
EndProject
Project("{2150E333-8FDC-42A3-9474-1A3956D46DE8}") = "Infrastructure", "Infrastructure", "{3B428365-937E-4398-9198-D0B81A3B747D}"
EndProject
Project("{2150E333-8FDC-42A3-9474-1A3956D46DE8}") = "UI", "UI", "{376EA295-5E64-4EFD-890B-119A4568D2B0}"
EndProject
Project("{FAE04EC0-301F-11D3-BF4B-00C04F79EFBC}") = "Static.Data", "Static.Data\Static.Data.csproj", "{741F5540-2933-4B24-BC9F-0F15C7E86D9B}"
EndProject
Global
	GlobalSection(SolutionConfigurationPlatforms) = preSolution
		Debug|Any CPU = Debug|Any CPU
		Release|Any CPU = Release|Any CPU
	EndGlobalSection
	GlobalSection(ProjectConfigurationPlatforms) = postSolution
		{DB26A552-F8A2-42C7-86F1-7E07B4827A36}.Debug|Any CPU.ActiveCfg = Debug|Any CPU
		{DB26A552-F8A2-42C7-86F1-7E07B4827A36}.Debug|Any CPU.Build.0 = Debug|Any CPU
		{DB26A552-F8A2-42C7-86F1-7E07B4827A36}.Release|Any CPU.ActiveCfg = Release|Any CPU
		{DB26A552-F8A2-42C7-86F1-7E07B4827A36}.Release|Any CPU.Build.0 = Release|Any CPU
		{58556621-462C-418E-B85B-FC54AE41D1D7}.Debug|Any CPU.ActiveCfg = Debug|Any CPU
		{58556621-462C-418E-B85B-FC54AE41D1D7}.Debug|Any CPU.Build.0 = Debug|Any CPU
		{58556621-462C-418E-B85B-FC54AE41D1D7}.Release|Any CPU.ActiveCfg = Release|Any CPU
		{58556621-462C-418E-B85B-FC54AE41D1D7}.Release|Any CPU.Build.0 = Release|Any CPU
		{6BFFDAFE-6FBC-48C1-8B4C-034F934D48A6}.Debug|Any CPU.ActiveCfg = Debug|Any CPU
		{6BFFDAFE-6FBC-48C1-8B4C-034F934D48A6}.Debug|Any CPU.Build.0 = Debug|Any CPU
		{6BFFDAFE-6FBC-48C1-8B4C-034F934D48A6}.Release|Any CPU.ActiveCfg = Release|Any CPU
		{6BFFDAFE-6FBC-48C1-8B4C-034F934D48A6}.Release|Any CPU.Build.0 = Release|Any CPU
		{741F5540-2933-4B24-BC9F-0F15C7E86D9B}.Debug|Any CPU.ActiveCfg = Debug|Any CPU
		{741F5540-2933-4B24-BC9F-0F15C7E86D9B}.Debug|Any CPU.Build.0 = Debug|Any CPU
		{741F5540-2933-4B24-BC9F-0F15C7E86D9B}.Release|Any CPU.ActiveCfg = Release|Any CPU
		{741F5540-2933-4B24-BC9F-0F15C7E86D9B}.Release|Any CPU.Build.0 = Release|Any CPU
	EndGlobalSection
	GlobalSection(NestedProjects) = preSolution
		{6BFFDAFE-6FBC-48C1-8B4C-034F934D48A6} = {A46C5CFB-425A-4AFB-AE4C-A07E7F1E2516}
		{58556621-462C-418E-B85B-FC54AE41D1D7} = {A46C5CFB-425A-4AFB-AE4C-A07E7F1E2516}
		{DB26A552-F8A2-42C7-86F1-7E07B4827A36} = {376EA295-5E64-4EFD-890B-119A4568D2B0}
		{741F5540-2933-4B24-BC9F-0F15C7E86D9B} = {3B428365-937E-4398-9198-D0B81A3B747D}
	EndGlobalSection
EndGlobal
